
Microsoft Visual Studio Solution File, Format Version 12.00
# Visual Studio Version 16
VisualStudioVersion = 16.0.31727.386
MinimumVisualStudioVersion = 10.0.40219.1
Project("{9A19103F-16F7-4668-BE54-9A1E7A4F7556}") = "Seguranca.Qualidade.WebApi", "Seguranca.Qualidade\Seguranca.Qualidade.WebApi.csproj", "{B7FF8105-9891-4946-80CE-76AF989264A1}"
EndProject
Project("{9A19103F-16F7-4668-BE54-9A1E7A4F7556}") = "Seguranca.Qualidade.Worker", "Seguranca.Qualidade.Worker\Seguranca.Qualidade.Worker.csproj", "{FA59D364-DE7A-4FCD-942F-827985E4D5F9}"
EndProject
Project("{9A19103F-16F7-4668-BE54-9A1E7A4F7556}") = "Seguranca.Qualidade.Application", "Seguranca.Qualidade.Application\Seguranca.Qualidade.Application.csproj", "{F8F3D843-517C-4228-8457-DE78D9970421}"
EndProject
Project("{FAE04EC0-301F-11D3-BF4B-00C04F79EFBC}") = "Seguranca.Qualidade.Infrastructure", "Seguranca.Qualidade.Infrastructure\Seguranca.Qualidade.Infrastructure.csproj", "{942F4954-9D25-44F6-83CE-0F5BDA064C5E}"
EndProject
Global
	GlobalSection(SolutionConfigurationPlatforms) = preSolution
		Debug|Any CPU = Debug|Any CPU
		Release|Any CPU = Release|Any CPU
	EndGlobalSection
	GlobalSection(ProjectConfigurationPlatforms) = postSolution
		{B7FF8105-9891-4946-80CE-76AF989264A1}.Debug|Any CPU.ActiveCfg = Debug|Any CPU
		{B7FF8105-9891-4946-80CE-76AF989264A1}.Debug|Any CPU.Build.0 = Debug|Any CPU
		{B7FF8105-9891-4946-80CE-76AF989264A1}.Release|Any CPU.ActiveCfg = Release|Any CPU
		{B7FF8105-9891-4946-80CE-76AF989264A1}.Release|Any CPU.Build.0 = Release|Any CPU
		{FA59D364-DE7A-4FCD-942F-827985E4D5F9}.Debug|Any CPU.ActiveCfg = Debug|Any CPU
		{FA59D364-DE7A-4FCD-942F-827985E4D5F9}.Debug|Any CPU.Build.0 = Debug|Any CPU
		{FA59D364-DE7A-4FCD-942F-827985E4D5F9}.Release|Any CPU.ActiveCfg = Release|Any CPU
		{FA59D364-DE7A-4FCD-942F-827985E4D5F9}.Release|Any CPU.Build.0 = Release|Any CPU
		{F8F3D843-517C-4228-8457-DE78D9970421}.Debug|Any CPU.ActiveCfg = Debug|Any CPU
		{F8F3D843-517C-4228-8457-DE78D9970421}.Debug|Any CPU.Build.0 = Debug|Any CPU
		{F8F3D843-517C-4228-8457-DE78D9970421}.Release|Any CPU.ActiveCfg = Release|Any CPU
		{F8F3D843-517C-4228-8457-DE78D9970421}.Release|Any CPU.Build.0 = Release|Any CPU
		{942F4954-9D25-44F6-83CE-0F5BDA064C5E}.Debug|Any CPU.ActiveCfg = Debug|Any CPU
		{942F4954-9D25-44F6-83CE-0F5BDA064C5E}.Debug|Any CPU.Build.0 = Debug|Any CPU
		{942F4954-9D25-44F6-83CE-0F5BDA064C5E}.Release|Any CPU.ActiveCfg = Release|Any CPU
		{942F4954-9D25-44F6-83CE-0F5BDA064C5E}.Release|Any CPU.Build.0 = Release|Any CPU
	EndGlobalSection
	GlobalSection(SolutionProperties) = preSolution
		HideSolutionNode = FALSE
	EndGlobalSection
	GlobalSection(ExtensibilityGlobals) = postSolution
		SolutionGuid = {7C6501B4-8847-4547-88AC-DEBC9E3FB3F8}
	EndGlobalSection
EndGlobal
